
Microsoft Visual Studio Solution File, Format Version 12.00
# Visual Studio Version 16
VisualStudioVersion = 16.0.31112.23
MinimumVisualStudioVersion = 10.0.40219.1
Project("{9A19103F-16F7-4668-BE54-9A1E7A4F7556}") = "Online_Cinema_Ticket_Reservation_System", "Online_Cinema_Ticket_Reservation_System.csproj", "{02C24E90-48D7-4A27-906E-33BEB42B7FCC}"
EndProject
Global
	GlobalSection(SolutionConfigurationPlatforms) = preSolution
		Debug|Any CPU = Debug|Any CPU
		Release|Any CPU = Release|Any CPU
	EndGlobalSection
	GlobalSection(ProjectConfigurationPlatforms) = postSolution
		{02C24E90-48D7-4A27-906E-33BEB42B7FCC}.Debug|Any CPU.ActiveCfg = Debug|Any CPU
		{02C24E90-48D7-4A27-906E-33BEB42B7FCC}.Debug|Any CPU.Build.0 = Debug|Any CPU
		{02C24E90-48D7-4A27-906E-33BEB42B7FCC}.Release|Any CPU.ActiveCfg = Release|Any CPU
		{02C24E90-48D7-4A27-906E-33BEB42B7FCC}.Release|Any CPU.Build.0 = Release|Any CPU
	EndGlobalSection
	GlobalSection(SolutionProperties) = preSolution
		HideSolutionNode = FALSE
	EndGlobalSection
	GlobalSection(ExtensibilityGlobals) = postSolution
		SolutionGuid = {241071A5-92E4-43B4-A647-CCCC39FAF6D1}
	EndGlobalSection
EndGlobal
